// !$*UTF8*$!
{
	archiveVersion = 1;
	classes = {
	};
	objectVersion = 48;
	objects = {

/* Begin PBXBuildFile section */
		A18613591FF9433E003A8FA8 /* ToDoTableViewCell.swift in Sources */ = {isa = PBXBuildFile; fileRef = A18613581FF9433E003A8FA8 /* ToDoTableViewCell.swift */; };
		A186135B1FF94395003A8FA8 /* ToDoTableViewController.swift in Sources */ = {isa = PBXBuildFile; fileRef = A186135A1FF94395003A8FA8 /* ToDoTableViewController.swift */; };
		A1B0BBBC1FF484BB004C6311 /* AppDelegate.swift in Sources */ = {isa = PBXBuildFile; fileRef = A1B0BBBB1FF484BB004C6311 /* AppDelegate.swift */; };
		A1B0BBC11FF484BB004C6311 /* Main.storyboard in Resources */ = {isa = PBXBuildFile; fileRef = A1B0BBBF1FF484BB004C6311 /* Main.storyboard */; };
		A1B0BBC31FF484BB004C6311 /* Assets.xcassets in Resources */ = {isa = PBXBuildFile; fileRef = A1B0BBC21FF484BB004C6311 /* Assets.xcassets */; };
		A1B0BBC61FF484BB004C6311 /* LaunchScreen.storyboard in Resources */ = {isa = PBXBuildFile; fileRef = A1B0BBC41FF484BB004C6311 /* LaunchScreen.storyboard */; };
		A1B0BBD01FF4854B004C6311 /* ToDoItem.swift in Sources */ = {isa = PBXBuildFile; fileRef = A1B0BBCF1FF4854B004C6311 /* ToDoItem.swift */; };
		A1B0BBD21FF485FC004C6311 /* DataManager.swift in Sources */ = {isa = PBXBuildFile; fileRef = A1B0BBD11FF485FC004C6311 /* DataManager.swift */; };
/* End PBXBuildFile section */

/* Begin PBXFileReference section */
		A18613581FF9433E003A8FA8 /* ToDoTableViewCell.swift */ = {isa = PBXFileReference; lastKnownFileType = sourcecode.swift; path = ToDoTableViewCell.swift; sourceTree = "<group>"; };
		A186135A1FF94395003A8FA8 /* ToDoTableViewController.swift */ = {isa = PBXFileReference; lastKnownFileType = sourcecode.swift; path = ToDoTableViewController.swift; sourceTree = "<group>"; };
		A1B0BBB81FF484BB004C6311 /* TodoApp.app */ = {isa = PBXFileReference; explicitFileType = wrapper.application; includeInIndex = 0; path = TodoApp.app; sourceTree = BUILT_PRODUCTS_DIR; };
		A1B0BBBB1FF484BB004C6311 /* AppDelegate.swift */ = {isa = PBXFileReference; lastKnownFileType = sourcecode.swift; path = AppDelegate.swift; sourceTree = "<group>"; };
		A1B0BBC01FF484BB004C6311 /* Base */ = {isa = PBXFileReference; lastKnownFileType = file.storyboard; name = Base; path = Base.lproj/Main.storyboard; sourceTree = "<group>"; };
		A1B0BBC21FF484BB004C6311 /* Assets.xcassets */ = {isa = PBXFileReference; lastKnownFileType = folder.assetcatalog; path = Assets.xcassets; sourceTree = "<group>"; };
		A1B0BBC51FF484BB004C6311 /* Base */ = {isa = PBXFileReference; lastKnownFileType = file.storyboard; name = Base; path = Base.lproj/LaunchScreen.storyboard; sourceTree = "<group>"; };
		A1B0BBC71FF484BB004C6311 /* Info.plist */ = {isa = PBXFileReference; lastKnownFileType = text.plist.xml; path = Info.plist; sourceTree = "<group>"; };
		A1B0BBCF1FF4854B004C6311 /* ToDoItem.swift */ = {isa = PBXFileReference; lastKnownFileType = sourcecode.swift; path = ToDoItem.swift; sourceTree = "<group>"; };
		A1B0BBD11FF485FC004C6311 /* DataManager.swift */ = {isa = PBXFileReference; lastKnownFileType = sourcecode.swift; path = DataManager.swift; sourceTree = "<group>"; };
/* End PBXFileReference section */

/* Begin PBXFrameworksBuildPhase section */
		A1B0BBB51FF484BB004C6311 /* Frameworks */ = {
			isa = PBXFrameworksBuildPhase;
			buildActionMask = 2147483647;
			files = (
			);
			runOnlyForDeploymentPostprocessing = 0;
		};
/* End PBXFrameworksBuildPhase section */

/* Begin PBXGroup section */
		A1B0BBAF1FF484BB004C6311 = {
			isa = PBXGroup;
			children = (
				A1B0BBBA1FF484BB004C6311 /* TodoApp */,
				A1B0BBB91FF484BB004C6311 /* Products */,
			);
			sourceTree = "<group>";
		};
		A1B0BBB91FF484BB004C6311 /* Products */ = {
			isa = PBXGroup;
			children = (
				A1B0BBB81FF484BB004C6311 /* TodoApp.app */,
			);
			name = Products;
			sourceTree = "<group>";
		};
		A1B0BBBA1FF484BB004C6311 /* TodoApp */ = {
			isa = PBXGroup;
			children = (
				A1B0BBBB1FF484BB004C6311 /* AppDelegate.swift */,
				A186135A1FF94395003A8FA8 /* ToDoTableViewController.swift */,
				A18613581FF9433E003A8FA8 /* ToDoTableViewCell.swift */,
				A1B0BBCF1FF4854B004C6311 /* ToDoItem.swift */,
				A1B0BBD11FF485FC004C6311 /* DataManager.swift */,
				A1B0BBBF1FF484BB004C6311 /* Main.storyboard */,
				A1B0BBC21FF484BB004C6311 /* Assets.xcassets */,
				A1B0BBC41FF484BB004C6311 /* LaunchScreen.storyboard */,
				A1B0BBC71FF484BB004C6311 /* Info.plist */,
			);
			path = TodoApp;
			sourceTree = "<group>";
		};
/* End PBXGroup section */

/* Begin PBXNativeTarget section */
		A1B0BBB71FF484BB004C6311 /* TodoApp */ = {
			isa = PBXNativeTarget;
			buildConfigurationList = A1B0BBCA1FF484BB004C6311 /* Build configuration list for PBXNativeTarget "TodoApp" */;
			buildPhases = (
				A1B0BBB41FF484BB004C6311 /* Sources */,
				A1B0BBB51FF484BB004C6311 /* Frameworks */,
				A1B0BBB61FF484BB004C6311 /* Resources */,
			);
			buildRules = (
			);
			dependencies = (
			);
			name = TodoApp;
			productName = TodoApp;
			productReference = A1B0BBB81FF484BB004C6311 /* TodoApp.app */;
			productType = "com.apple.product-type.application";
		};
/* End PBXNativeTarget section */

/* Begin PBXProject section */
		A1B0BBB01FF484BB004C6311 /* Project object */ = {
			isa = PBXProject;
			attributes = {
				LastSwiftUpdateCheck = 0920;
				LastUpgradeCheck = 0920;
				ORGANIZATIONNAME = "Emily Popovic";
				TargetAttributes = {
					A1B0BBB71FF484BB004C6311 = {
						CreatedOnToolsVersion = 9.2;
						ProvisioningStyle = Automatic;
					};
				};
			};
			buildConfigurationList = A1B0BBB31FF484BB004C6311 /* Build configuration list for PBXProject "TodoApp" */;
			compatibilityVersion = "Xcode 8.0";
			developmentRegion = en;
			hasScannedForEncodings = 0;
			knownRegions = (
				en,
				Base,
			);
			mainGroup = A1B0BBAF1FF484BB004C6311;
			productRefGroup = A1B0BBB91FF484BB004C6311 /* Products */;
			projectDirPath = "";
			projectRoot = "";
			targets = (
				A1B0BBB71FF484BB004C6311 /* TodoApp */,
			);
		};
/* End PBXProject section */

/* Begin PBXResourcesBuildPhase section */
		A1B0BBB61FF484BB004C6311 /* Resources */ = {
			isa = PBXResourcesBuildPhase;
			buildActionMask = 2147483647;
			files = (
				A1B0BBC61FF484BB004C6311 /* LaunchScreen.storyboard in Resources */,
				A1B0BBC31FF484BB004C6311 /* Assets.xcassets in Resources */,
				A1B0BBC11FF484BB004C6311 /* Main.storyboard in Resources */,
			);
			runOnlyForDeploymentPostprocessing = 0;
		};
/* End PBXResourcesBuildPhase section */

/* Begin PBXSourcesBuildPhase section */
		A1B0BBB41FF484BB004C6311 /* Sources */ = {
			isa = PBXSourcesBuildPhase;
			buildActionMask = 2147483647;
			files = (
				A1B0BBD21FF485FC004C6311 /* DataManager.swift in Sources */,
				A1B0BBBC1FF484BB004C6311 /* AppDelegate.swift in Sources */,
				A1B0BBD01FF4854B004C6311 /* ToDoItem.swift in Sources */,
				A18613591FF9433E003A8FA8 /* ToDoTableViewCell.swift in Sources */,
				A186135B1FF94395003A8FA8 /* ToDoTableViewController.swift in Sources */,
			);
			runOnlyForDeploymentPostprocessing = 0;
		};
/* End PBXSourcesBuildPhase section */

/* Begin PBXVariantGroup section */
		A1B0BBBF1FF484BB004C6311 /* Main.storyboard */ = {
			isa = PBXVariantGroup;
			children = (
				A1B0BBC01FF484BB004C6311 /* Base */,
			);
			name = Main.storyboard;
			sourceTree = "<group>";
		};
		A1B0BBC41FF484BB004C6311 /* LaunchScreen.storyboard */ = {
			isa = PBXVariantGroup;
			children = (
				A1B0BBC51FF484BB004C6311 /* Base */,
			);
			name = LaunchScreen.storyboard;
			sourceTree = "<group>";
		};
/* End PBXVariantGroup section */

/* Begin XCBuildConfiguration section */
		A1B0BBC81FF484BB004C6311 /* Debug */ = {
			isa = XCBuildConfiguration;
			buildSettings = {
				ALWAYS_SEARCH_USER_PATHS = NO;
				CLANG_ANALYZER_NONNULL = YES;
				CLANG_ANALYZER_NUMBER_OBJECT_CONVERSION = YES_AGGRESSIVE;
				CLANG_CXX_LANGUAGE_STANDARD = "gnu++14";
				CLANG_CXX_LIBRARY = "libc++";
				CLANG_ENABLE_MODULES = YES;
				CLANG_ENABLE_OBJC_ARC = YES;
				CLANG_WARN_BLOCK_CAPTURE_AUTORELEASING = YES;
				CLANG_WARN_BOOL_CONVERSION = YES;
				CLANG_WARN_COMMA = YES;
				CLANG_WARN_CONSTANT_CONVERSION = YES;
				CLANG_WARN_DIRECT_OBJC_ISA_USAGE = YES_ERROR;
				CLANG_WARN_DOCUMENTATION_COMMENTS = YES;
				CLANG_WARN_EMPTY_BODY = YES;
				CLANG_WARN_ENUM_CONVERSION = YES;
				CLANG_WARN_INFINITE_RECURSION = YES;
				CLANG_WARN_INT_CONVERSION = YES;
				CLANG_WARN_NON_LITERAL_NULL_CONVERSION = YES;
				CLANG_WARN_OBJC_LITERAL_CONVERSION = YES;
				CLANG_WARN_OBJC_ROOT_CLASS = YES_ERROR;
				CLANG_WARN_RANGE_LOOP_ANALYSIS = YES;
				CLANG_WARN_STRICT_PROTOTYPES = YES;
				CLANG_WARN_SUSPICIOUS_MOVE = YES;
				CLANG_WARN_UNGUARDED_AVAILABILITY = YES_AGGRESSIVE;
				CLANG_WARN_UNREACHABLE_CODE = YES;
				CLANG_WARN__DUPLICATE_METHOD_MATCH = YES;
				CODE_SIGN_IDENTITY = "iPhone Developer";
				COPY_PHASE_STRIP = NO;
				DEBUG_INFORMATION_FORMAT = dwarf;
				ENABLE_STRICT_OBJC_MSGSEND = YES;
				ENABLE_TESTABILITY = YES;
				GCC_C_LANGUAGE_STANDARD = gnu11;
				GCC_DYNAMIC_NO_PIC = NO;
				GCC_NO_COMMON_BLOCKS = YES;
				GCC_OPTIMIZATION_LEVEL = 0;
				GCC_PREPROCESSOR_DEFINITIONS = (
					"DEBUG=1",
					"$(inherited)",
				);
				GCC_WARN_64_TO_32_BIT_CONVERSION = YES;
				GCC_WARN_ABOUT_RETURN_TYPE = YES_ERROR;
				GCC_WARN_UNDECLARED_SELECTOR = YES;
				GCC_WARN_UNINITIALIZED_AUTOS = YES_AGGRESSIVE;
				GCC_WARN_UNUSED_FUNCTION = YES;
				GCC_WARN_UNUSED_VARIABLE = YES;
				IPHONEOS_DEPLOYMENT_TARGET = 11.2;
				MTL_ENABLE_DEBUG_INFO = YES;
				ONLY_ACTIVE_ARCH = YES;
				SDKROOT = iphoneos;
				SWIFT_ACTIVE_COMPILATION_CONDITIONS = DEBUG;
				SWIFT_OPTIMIZATION_LEVEL = "-Onone";
			};
			name = Debug;
		};
		A1B0BBC91FF484BB004C6311 /* Release */ = {
			isa = XCBuildConfiguration;
			buildSettings = {
				ALWAYS_SEARCH_USER_PATHS = NO;
				CLANG_ANALYZER_NONNULL = YES;
				CLANG_ANALYZER_NUMBER_OBJECT_CONVERSION = YES_AGGRESSIVE;
				CLANG_CXX_LANGUAGE_STANDARD = "gnu++14";
				CLANG_CXX_LIBRARY = "libc++";
				CLANG_ENABLE_MODULES = YES;
				CLANG_ENABLE_OBJC_ARC = YES;
				CLANG_WARN_BLOCK_CAPTURE_AUTORELEASING = YES;
				CLANG_WARN_BOOL_CONVERSION = YES;
				CLANG_WARN_COMMA = YES;
				CLANG_WARN_CONSTANT_CONVERSION = YES;
				CLANG_WARN_DIRECT_OBJC_ISA_USAGE = YES_ERROR;
				CLANG_WARN_DOCUMENTATION_COMMENTS = YES;
				CLANG_WARN_EMPTY_BODY = YES;
				CLANG_WARN_ENUM_CONVERSION = YES;
				CLANG_WARN_INFINITE_RECURSION = YES;
				CLANG_WARN_INT_CONVERSION = YES;
				CLANG_WARN_NON_LITERAL_NULL_CONVERSION = YES;
				CLANG_WARN_OBJC_LITERAL_CONVERSION = YES;
				CLANG_WARN_OBJC_ROOT_CLASS = YES_ERROR;
				CLANG_WARN_RANGE_LOOP_ANALYSIS = YES;
				CLANG_WARN_STRICT_PROTOTYPES = YES;
				CLANG_WARN_SUSPICIOUS_MOVE = YES;
				CLANG_WARN_UNGUARDED_AVAILABILITY = YES_AGGRESSIVE;
				CLANG_WARN_UNREACHABLE_CODE = YES;
				CLANG_WARN__DUPLICATE_METHOD_MATCH = YES;
				CODE_SIGN_IDENTITY = "iPhone Developer";
				COPY_PHASE_STRIP = NO;
				DEBUG_INFORMATION_FORMAT = "dwarf-with-dsym";
				ENABLE_NS_ASSERTIONS = NO;
				ENABLE_STRICT_OBJC_MSGSEND = YES;
				GCC_C_LANGUAGE_STANDARD = gnu11;
				GCC_NO_COMMON_BLOCKS = YES;
				GCC_WARN_64_TO_32_BIT_CONVERSION = YES;
				GCC_WARN_ABOUT_RETURN_TYPE = YES_ERROR;
				GCC_WARN_UNDECLARED_SELECTOR = YES;
				GCC_WARN_UNINITIALIZED_AUTOS = YES_AGGRESSIVE;
				GCC_WARN_UNUSED_FUNCTION = YES;
				GCC_WARN_UNUSED_VARIABLE = YES;
				IPHONEOS_DEPLOYMENT_TARGET = 11.2;
				MTL_ENABLE_DEBUG_INFO = NO;
				SDKROOT = iphoneos;
				SWIFT_OPTIMIZATION_LEVEL = "-Owholemodule";
				VALIDATE_PRODUCT = YES;
			};
			name = Release;
		};
		A1B0BBCB1FF484BB004C6311 /* Debug */ = {
			isa = XCBuildConfiguration;
			buildSettings = {
				ASSETCATALOG_COMPILER_APPICON_NAME = AppIcon;
				CODE_SIGN_STYLE = Automatic;
				DEVELOPMENT_TEAM = L3JWMM46SK;
				INFOPLIST_FILE = TodoApp/Info.plist;
				LD_RUNPATH_SEARCH_PATHS = "$(inherited) @executable_path/Frameworks";
				PRODUCT_BUNDLE_IDENTIFIER = com.emilypopovic.TodoApp;
				PRODUCT_NAME = "$(TARGET_NAME)";
				SWIFT_VERSION = 4.0;
				TARGETED_DEVICE_FAMILY = "1,2";
			};
			name = Debug;
		};
		A1B0BBCC1FF484BB004C6311 /* Release */ = {
			isa = XCBuildConfiguration;
			buildSettings = {
				ASSETCATALOG_COMPILER_APPICON_NAME = AppIcon;
				CODE_SIGN_STYLE = Automatic;
				DEVELOPMENT_TEAM = L3JWMM46SK;
				INFOPLIST_FILE = TodoApp/Info.plist;
				LD_RUNPATH_SEARCH_PATHS = "$(inherited) @executable_path/Frameworks";
				PRODUCT_BUNDLE_IDENTIFIER = com.emilypopovic.TodoApp;
				PRODUCT_NAME = "$(TARGET_NAME)";
				SWIFT_VERSION = 4.0;
				TARGETED_DEVICE_FAMILY = "1,2";
			};
			name = Release;
		};
/* End XCBuildConfiguration section */

/* Begin XCConfigurationList section */
		A1B0BBB31FF484BB004C6311 /* Build configuration list for PBXProject "TodoApp" */ = {
			isa = XCConfigurationList;
			buildConfigurations = (
				A1B0BBC81FF484BB004C6311 /* Debug */,
				A1B0BBC91FF484BB004C6311 /* Release */,
			);
			defaultConfigurationIsVisible = 0;
			defaultConfigurationName = Release;
		};
		A1B0BBCA1FF484BB004C6311 /* Build configuration list for PBXNativeTarget "TodoApp" */ = {
			isa = XCConfigurationList;
			buildConfigurations = (
				A1B0BBCB1FF484BB004C6311 /* Debug */,
				A1B0BBCC1FF484BB004C6311 /* Release */,
			);
			defaultConfigurationIsVisible = 0;
			defaultConfigurationName = Release;
		};
/* End XCConfigurationList section */
	};
	rootObject = A1B0BBB01FF484BB004C6311 /* Project object */;
}
